
Microsoft Visual Studio Solution File, Format Version 12.00
# Visual Studio Version 17
VisualStudioVersion = 17.5.002.0
MinimumVisualStudioVersion = 10.0.40219.1
Project("{9A19103F-16F7-4668-BE54-9A1E7A4F7556}") = "NetworkConnections", "NetworkConnections.csproj", "{FC06A268-EA5A-42E2-AB97-0ABEEE0E9D25}"
EndProject
Global
	GlobalSection(SolutionConfigurationPlatforms) = preSolution
		Debug|Any CPU = Debug|Any CPU
		Release|Any CPU = Release|Any CPU
	EndGlobalSection
	GlobalSection(ProjectConfigurationPlatforms) = postSolution
		{FC06A268-EA5A-42E2-AB97-0ABEEE0E9D25}.Debug|Any CPU.ActiveCfg = Debug|Any CPU
		{FC06A268-EA5A-42E2-AB97-0ABEEE0E9D25}.Debug|Any CPU.Build.0 = Debug|Any CPU
		{FC06A268-EA5A-42E2-AB97-0ABEEE0E9D25}.Release|Any CPU.ActiveCfg = Release|Any CPU
		{FC06A268-EA5A-42E2-AB97-0ABEEE0E9D25}.Release|Any CPU.Build.0 = Release|Any CPU
	EndGlobalSection
	GlobalSection(SolutionProperties) = preSolution
		HideSolutionNode = FALSE
	EndGlobalSection
	GlobalSection(ExtensibilityGlobals) = postSolution
		SolutionGuid = {AC00DB0E-5CCB-421D-974F-F9E30691B3A4}
	EndGlobalSection
EndGlobal
